// !$*UTF8*$!
{
	archiveVersion = 1;
	classes = {
	};
	objectVersion = 46;
	objects = {

/* Begin PBXBuildFile section */
		6611320718DA8FAA0051AB86 /* libMapEngineLibraryIOS.a in Frameworks */ = {isa = PBXBuildFile; fileRef = 6611320618DA8FAA0051AB86 /* libMapEngineLibraryIOS.a */; };
		6688811A18D5F9D600BF1BA3 /* RoundRectRenderer.cpp in Sources */ = {isa = PBXBuildFile; fileRef = 6688811818D5F9D600BF1BA3 /* RoundRectRenderer.cpp */; };
		6688811B18D5FFDD00BF1BA3 /* hc_effects.xml in Resources */ = {isa = PBXBuildFile; fileRef = 6688811318D5F50B00BF1BA3 /* hc_effects.xml */; };
		6688811C18D5FFDF00BF1BA3 /* hc_shaders.xml in Resources */ = {isa = PBXBuildFile; fileRef = 6688811518D5F51400BF1BA3 /* hc_shaders.xml */; };
		6688860C18D64575004D672C /* LinearAnimation.cpp in Sources */ = {isa = PBXBuildFile; fileRef = 6688860A18D64575004D672C /* LinearAnimation.cpp */; };
		669463F918D14B0C0082E6F0 /* Foundation.framework in Frameworks */ = {isa = PBXBuildFile; fileRef = 669463F818D14B0C0082E6F0 /* Foundation.framework */; };
		669463FB18D14B0C0082E6F0 /* CoreGraphics.framework in Frameworks */ = {isa = PBXBuildFile; fileRef = 669463FA18D14B0C0082E6F0 /* CoreGraphics.framework */; };
		669463FD18D14B0C0082E6F0 /* UIKit.framework in Frameworks */ = {isa = PBXBuildFile; fileRef = 669463FC18D14B0C0082E6F0 /* UIKit.framework */; };
		6694640318D14B0C0082E6F0 /* InfoPlist.strings in Resources */ = {isa = PBXBuildFile; fileRef = 6694640118D14B0C0082E6F0 /* InfoPlist.strings */; };
		6694640518D14B0C0082E6F0 /* main.m in Sources */ = {isa = PBXBuildFile; fileRef = 6694640418D14B0C0082E6F0 /* main.m */; };
		6694640918D14B0C0082E6F0 /* HCAppDelegate.m in Sources */ = {isa = PBXBuildFile; fileRef = 6694640818D14B0C0082E6F0 /* HCAppDelegate.m */; };
		6694640C18D14B0C0082E6F0 /* Main_iPhone.storyboard in Resources */ = {isa = PBXBuildFile; fileRef = 6694640A18D14B0C0082E6F0 /* Main_iPhone.storyboard */; };
		6694640F18D14B0C0082E6F0 /* Main_iPad.storyboard in Resources */ = {isa = PBXBuildFile; fileRef = 6694640D18D14B0C0082E6F0 /* Main_iPad.storyboard */; };
		6694641218D14B0C0082E6F0 /* HCViewController.m in Sources */ = {isa = PBXBuildFile; fileRef = 6694641118D14B0C0082E6F0 /* HCViewController.m */; };
		6694641418D14B0C0082E6F0 /* Images.xcassets in Resources */ = {isa = PBXBuildFile; fileRef = 6694641318D14B0C0082E6F0 /* Images.xcassets */; };
		6694641B18D14B0C0082E6F0 /* XCTest.framework in Frameworks */ = {isa = PBXBuildFile; fileRef = 6694641A18D14B0C0082E6F0 /* XCTest.framework */; };
		6694641C18D14B0C0082E6F0 /* Foundation.framework in Frameworks */ = {isa = PBXBuildFile; fileRef = 669463F818D14B0C0082E6F0 /* Foundation.framework */; };
		6694641D18D14B0C0082E6F0 /* UIKit.framework in Frameworks */ = {isa = PBXBuildFile; fileRef = 669463FC18D14B0C0082E6F0 /* UIKit.framework */; };
		6694642518D14B0C0082E6F0 /* InfoPlist.strings in Resources */ = {isa = PBXBuildFile; fileRef = 6694642318D14B0C0082E6F0 /* InfoPlist.strings */; };
		6694642718D14B0C0082E6F0 /* High_CountTests.m in Sources */ = {isa = PBXBuildFile; fileRef = 6694642618D14B0C0082E6F0 /* High_CountTests.m */; };
		6694643318D14D470082E6F0 /* CitymapsEngine.bundle in Resources */ = {isa = PBXBuildFile; fileRef = 6694643118D14D470082E6F0 /* CitymapsEngine.bundle */; };
		6694643718D159630082E6F0 /* HCGameView.mm in Sources */ = {isa = PBXBuildFile; fileRef = 6694643618D159630082E6F0 /* HCGameView.mm */; };
		6694643918D15BA00082E6F0 /* SystemConfiguration.framework in Frameworks */ = {isa = PBXBuildFile; fileRef = 6694643818D15BA00082E6F0 /* SystemConfiguration.framework */; };
		6694643B18D15BA50082E6F0 /* libstdc++.dylib in Frameworks */ = {isa = PBXBuildFile; fileRef = 6694643A18D15BA50082E6F0 /* libstdc++.dylib */; };
		6694644518D15D3C0082E6F0 /* GameBoardController.cpp in Sources */ = {isa = PBXBuildFile; fileRef = 6694644318D15D3C0082E6F0 /* GameBoardController.cpp */; };
		6694644918D15D7C0082E6F0 /* GridBoard.cpp in Sources */ = {isa = PBXBuildFile; fileRef = 6694644718D15D7C0082E6F0 /* GridBoard.cpp */; };
		6694644C18D15D870082E6F0 /* GridCell.cpp in Sources */ = {isa = PBXBuildFile; fileRef = 6694644A18D15D870082E6F0 /* GridCell.cpp */; };
		6694645818D163C60082E6F0 /* HCGameInstance.cpp in Sources */ = {isa = PBXBuildFile; fileRef = 6694645618D163C60082E6F0 /* HCGameInstance.cpp */; };
		669CC1EF18D6052400389C9D /* round_rect_vert.glsl in Resources */ = {isa = PBXBuildFile; fileRef = 6688810F18D5F31800BF1BA3 /* round_rect_vert.glsl */; };
		669CC1F018D6052500389C9D /* round_rect_frag.glsl in Resources */ = {isa = PBXBuildFile; fileRef = 6688811118D5F32200BF1BA3 /* round_rect_frag.glsl */; };
/* End PBXBuildFile section */

/* Begin PBXContainerItemProxy section */
		6694641E18D14B0C0082E6F0 /* PBXContainerItemProxy */ = {
			isa = PBXContainerItemProxy;
			containerPortal = 669463ED18D14B0C0082E6F0 /* Project object */;
			proxyType = 1;
			remoteGlobalIDString = 669463F418D14B0C0082E6F0;
			remoteInfo = "High Count";
		};
/* End PBXContainerItemProxy section */

/* Begin PBXFileReference section */
		6611320618DA8FAA0051AB86 /* libMapEngineLibraryIOS.a */ = {isa = PBXFileReference; lastKnownFileType = archive.ar; name = libMapEngineLibraryIOS.a; path = "../../../core-ios-client/MapEngineLibrary/MapEngineLibraryIOS/build/Debug-iphoneos/libMapEngineLibraryIOS.a"; sourceTree = "<group>"; };
		6688810C18D549B100BF1BA3 /* Controller.h */ = {isa = PBXFileReference; lastKnownFileType = sourcecode.c.h; path = Controller.h; sourceTree = "<group>"; };
		6688810F18D5F31800BF1BA3 /* round_rect_vert.glsl */ = {isa = PBXFileReference; fileEncoding = 4; lastKnownFileType = text; path = round_rect_vert.glsl; sourceTree = "<group>"; };
		6688811118D5F32200BF1BA3 /* round_rect_frag.glsl */ = {isa = PBXFileReference; fileEncoding = 4; lastKnownFileType = text; path = round_rect_frag.glsl; sourceTree = "<group>"; };
		6688811318D5F50B00BF1BA3 /* hc_effects.xml */ = {isa = PBXFileReference; fileEncoding = 4; lastKnownFileType = text.xml; path = hc_effects.xml; sourceTree = "<group>"; };
		6688811518D5F51400BF1BA3 /* hc_shaders.xml */ = {isa = PBXFileReference; fileEncoding = 4; lastKnownFileType = text.xml; path = hc_shaders.xml; sourceTree = "<group>"; };
		6688811818D5F9D600BF1BA3 /* RoundRectRenderer.cpp */ = {isa = PBXFileReference; fileEncoding = 4; lastKnownFileType = sourcecode.cpp.cpp; path = RoundRectRenderer.cpp; sourceTree = "<group>"; };
		6688811918D5F9D600BF1BA3 /* RoundRectRenderer.h */ = {isa = PBXFileReference; fileEncoding = 4; lastKnownFileType = sourcecode.c.h; path = RoundRectRenderer.h; sourceTree = "<group>"; };
		6688860718D642A2004D672C /* CitymapsEngine.framework */ = {isa = PBXFileReference; lastKnownFileType = wrapper.framework; name = CitymapsEngine.framework; path = "../../../../SDKs/citymaps-ios-map-library/CitymapsEngine.framework"; sourceTree = "<group>"; };
		6688860A18D64575004D672C /* LinearAnimation.cpp */ = {isa = PBXFileReference; fileEncoding = 4; lastKnownFileType = sourcecode.cpp.cpp; path = LinearAnimation.cpp; sourceTree = "<group>"; };
		6688860B18D64575004D672C /* LinearAnimation.h */ = {isa = PBXFileReference; fileEncoding = 4; lastKnownFileType = sourcecode.c.h; path = LinearAnimation.h; sourceTree = "<group>"; };
		669463F518D14B0C0082E6F0 /* High Count.app */ = {isa = PBXFileReference; explicitFileType = wrapper.application; includeInIndex = 0; path = "High Count.app"; sourceTree = BUILT_PRODUCTS_DIR; };
		669463F818D14B0C0082E6F0 /* Foundation.framework */ = {isa = PBXFileReference; lastKnownFileType = wrapper.framework; name = Foundation.framework; path = System/Library/Frameworks/Foundation.framework; sourceTree = SDKROOT; };
		669463FA18D14B0C0082E6F0 /* CoreGraphics.framework */ = {isa = PBXFileReference; lastKnownFileType = wrapper.framework; name = CoreGraphics.framework; path = System/Library/Frameworks/CoreGraphics.framework; sourceTree = SDKROOT; };
		669463FC18D14B0C0082E6F0 /* UIKit.framework */ = {isa = PBXFileReference; lastKnownFileType = wrapper.framework; name = UIKit.framework; path = System/Library/Frameworks/UIKit.framework; sourceTree = SDKROOT; };
		6694640018D14B0C0082E6F0 /* High Count-Info.plist */ = {isa = PBXFileReference; lastKnownFileType = text.plist.xml; path = "High Count-Info.plist"; sourceTree = "<group>"; };
		6694640218D14B0C0082E6F0 /* en */ = {isa = PBXFileReference; lastKnownFileType = text.plist.strings; name = en; path = en.lproj/InfoPlist.strings; sourceTree = "<group>"; };
		6694640418D14B0C0082E6F0 /* main.m */ = {isa = PBXFileReference; lastKnownFileType = sourcecode.c.objc; path = main.m; sourceTree = "<group>"; };
		6694640618D14B0C0082E6F0 /* High Count-Prefix.pch */ = {isa = PBXFileReference; lastKnownFileType = sourcecode.c.h; path = "High Count-Prefix.pch"; sourceTree = "<group>"; };
		6694640718D14B0C0082E6F0 /* HCAppDelegate.h */ = {isa = PBXFileReference; lastKnownFileType = sourcecode.c.h; path = HCAppDelegate.h; sourceTree = "<group>"; };
		6694640818D14B0C0082E6F0 /* HCAppDelegate.m */ = {isa = PBXFileReference; lastKnownFileType = sourcecode.c.objc; path = HCAppDelegate.m; sourceTree = "<group>"; };
		6694640B18D14B0C0082E6F0 /* Base */ = {isa = PBXFileReference; lastKnownFileType = file.storyboard; name = Base; path = Base.lproj/Main_iPhone.storyboard; sourceTree = "<group>"; };
		6694640E18D14B0C0082E6F0 /* Base */ = {isa = PBXFileReference; lastKnownFileType = file.storyboard; name = Base; path = Base.lproj/Main_iPad.storyboard; sourceTree = "<group>"; };
		6694641018D14B0C0082E6F0 /* HCViewController.h */ = {isa = PBXFileReference; lastKnownFileType = sourcecode.c.h; path = HCViewController.h; sourceTree = "<group>"; };
		6694641118D14B0C0082E6F0 /* HCViewController.m */ = {isa = PBXFileReference; lastKnownFileType = sourcecode.c.objc; path = HCViewController.m; sourceTree = "<group>"; };
		6694641318D14B0C0082E6F0 /* Images.xcassets */ = {isa = PBXFileReference; lastKnownFileType = folder.assetcatalog; path = Images.xcassets; sourceTree = "<group>"; };
		6694641918D14B0C0082E6F0 /* High CountTests.xctest */ = {isa = PBXFileReference; explicitFileType = wrapper.cfbundle; includeInIndex = 0; path = "High CountTests.xctest"; sourceTree = BUILT_PRODUCTS_DIR; };
		6694641A18D14B0C0082E6F0 /* XCTest.framework */ = {isa = PBXFileReference; lastKnownFileType = wrapper.framework; name = XCTest.framework; path = Library/Frameworks/XCTest.framework; sourceTree = DEVELOPER_DIR; };
		6694642218D14B0C0082E6F0 /* High CountTests-Info.plist */ = {isa = PBXFileReference; lastKnownFileType = text.plist.xml; path = "High CountTests-Info.plist"; sourceTree = "<group>"; };
		6694642418D14B0C0082E6F0 /* en */ = {isa = PBXFileReference; lastKnownFileType = text.plist.strings; name = en; path = en.lproj/InfoPlist.strings; sourceTree = "<group>"; };
		6694642618D14B0C0082E6F0 /* High_CountTests.m */ = {isa = PBXFileReference; lastKnownFileType = sourcecode.c.objc; path = High_CountTests.m; sourceTree = "<group>"; };
		6694643118D14D470082E6F0 /* CitymapsEngine.bundle */ = {isa = PBXFileReference; lastKnownFileType = "wrapper.plug-in"; name = CitymapsEngine.bundle; path = "../../../../SDKs/citymaps-ios-map-library/CitymapsEngine.bundle"; sourceTree = "<group>"; };
		6694643518D159630082E6F0 /* HCGameView.h */ = {isa = PBXFileReference; fileEncoding = 4; lastKnownFileType = sourcecode.c.h; path = HCGameView.h; sourceTree = "<group>"; };
		6694643618D159630082E6F0 /* HCGameView.mm */ = {isa = PBXFileReference; fileEncoding = 4; lastKnownFileType = sourcecode.cpp.objcpp; path = HCGameView.mm; sourceTree = "<group>"; };
		6694643818D15BA00082E6F0 /* SystemConfiguration.framework */ = {isa = PBXFileReference; lastKnownFileType = wrapper.framework; name = SystemConfiguration.framework; path = System/Library/Frameworks/SystemConfiguration.framework; sourceTree = SDKROOT; };
		6694643A18D15BA50082E6F0 /* libstdc++.dylib */ = {isa = PBXFileReference; lastKnownFileType = "compiled.mach-o.dylib"; name = "libstdc++.dylib"; path = "usr/lib/libstdc++.dylib"; sourceTree = SDKROOT; };
		6694644318D15D3C0082E6F0 /* GameBoardController.cpp */ = {isa = PBXFileReference; fileEncoding = 4; lastKnownFileType = sourcecode.cpp.cpp; path = GameBoardController.cpp; sourceTree = "<group>"; };
		6694644418D15D3C0082E6F0 /* GameBoardController.h */ = {isa = PBXFileReference; fileEncoding = 4; lastKnownFileType = sourcecode.c.h; path = GameBoardController.h; sourceTree = "<group>"; };
		6694644718D15D7C0082E6F0 /* GridBoard.cpp */ = {isa = PBXFileReference; fileEncoding = 4; lastKnownFileType = sourcecode.cpp.cpp; path = GridBoard.cpp; sourceTree = "<group>"; };
		6694644818D15D7C0082E6F0 /* GridBoard.h */ = {isa = PBXFileReference; fileEncoding = 4; lastKnownFileType = sourcecode.c.h; path = GridBoard.h; sourceTree = "<group>"; };
		6694644A18D15D870082E6F0 /* GridCell.cpp */ = {isa = PBXFileReference; fileEncoding = 4; lastKnownFileType = sourcecode.cpp.cpp; path = GridCell.cpp; sourceTree = "<group>"; };
		6694644B18D15D870082E6F0 /* GridCell.h */ = {isa = PBXFileReference; fileEncoding = 4; lastKnownFileType = sourcecode.c.h; path = GridCell.h; sourceTree = "<group>"; };
		6694644D18D15DE10082E6F0 /* HC.h */ = {isa = PBXFileReference; lastKnownFileType = sourcecode.c.h; path = HC.h; sourceTree = "<group>"; };
		6694645618D163C60082E6F0 /* HCGameInstance.cpp */ = {isa = PBXFileReference; fileEncoding = 4; lastKnownFileType = sourcecode.cpp.cpp; path = HCGameInstance.cpp; sourceTree = "<group>"; };
		6694645718D163C60082E6F0 /* HCGameInstance.h */ = {isa = PBXFileReference; fileEncoding = 4; lastKnownFileType = sourcecode.c.h; path = HCGameInstance.h; sourceTree = "<group>"; };
/* End PBXFileReference section */

/* Begin PBXFrameworksBuildPhase section */
		669463F218D14B0C0082E6F0 /* Frameworks */ = {
			isa = PBXFrameworksBuildPhase;
			buildActionMask = 2147483647;
			files = (
				6611320718DA8FAA0051AB86 /* libMapEngineLibraryIOS.a in Frameworks */,
				6694643B18D15BA50082E6F0 /* libstdc++.dylib in Frameworks */,
				6694643918D15BA00082E6F0 /* SystemConfiguration.framework in Frameworks */,
				669463FB18D14B0C0082E6F0 /* CoreGraphics.framework in Frameworks */,
				669463FD18D14B0C0082E6F0 /* UIKit.framework in Frameworks */,
				669463F918D14B0C0082E6F0 /* Foundation.framework in Frameworks */,
			);
			runOnlyForDeploymentPostprocessing = 0;
		};
		6694641618D14B0C0082E6F0 /* Frameworks */ = {
			isa = PBXFrameworksBuildPhase;
			buildActionMask = 2147483647;
			files = (
				6694641B18D14B0C0082E6F0 /* XCTest.framework in Frameworks */,
				6694641D18D14B0C0082E6F0 /* UIKit.framework in Frameworks */,
				6694641C18D14B0C0082E6F0 /* Foundation.framework in Frameworks */,
			);
			runOnlyForDeploymentPostprocessing = 0;
		};
/* End PBXFrameworksBuildPhase section */

/* Begin PBXGroup section */
		6688810D18D5F2F800BF1BA3 /* Config */ = {
			isa = PBXGroup;
			children = (
				6688811318D5F50B00BF1BA3 /* hc_effects.xml */,
				6688811518D5F51400BF1BA3 /* hc_shaders.xml */,
			);
			path = Config;
			sourceTree = "<group>";
		};
		6688810E18D5F2F800BF1BA3 /* Shaders */ = {
			isa = PBXGroup;
			children = (
				6688810F18D5F31800BF1BA3 /* round_rect_vert.glsl */,
				6688811118D5F32200BF1BA3 /* round_rect_frag.glsl */,
			);
			path = Shaders;
			sourceTree = "<group>";
		};
		6688811718D5F99000BF1BA3 /* Render */ = {
			isa = PBXGroup;
			children = (
				6688811818D5F9D600BF1BA3 /* RoundRectRenderer.cpp */,
				6688811918D5F9D600BF1BA3 /* RoundRectRenderer.h */,
			);
			path = Render;
			sourceTree = "<group>";
		};
		6688860918D64404004D672C /* Animation */ = {
			isa = PBXGroup;
			children = (
				6688860A18D64575004D672C /* LinearAnimation.cpp */,
				6688860B18D64575004D672C /* LinearAnimation.h */,
			);
			path = Animation;
			sourceTree = "<group>";
		};
		669463EC18D14B0C0082E6F0 = {
			isa = PBXGroup;
			children = (
				669463FE18D14B0C0082E6F0 /* High Count */,
				6694642018D14B0C0082E6F0 /* High CountTests */,
				669463F718D14B0C0082E6F0 /* Frameworks */,
				669463F618D14B0C0082E6F0 /* Products */,
			);
			sourceTree = "<group>";
		};
		669463F618D14B0C0082E6F0 /* Products */ = {
			isa = PBXGroup;
			children = (
				669463F518D14B0C0082E6F0 /* High Count.app */,
				6694641918D14B0C0082E6F0 /* High CountTests.xctest */,
			);
			name = Products;
			sourceTree = "<group>";
		};
		669463F718D14B0C0082E6F0 /* Frameworks */ = {
			isa = PBXGroup;
			children = (
				6611320618DA8FAA0051AB86 /* libMapEngineLibraryIOS.a */,
				6694643A18D15BA50082E6F0 /* libstdc++.dylib */,
				6688860718D642A2004D672C /* CitymapsEngine.framework */,
				6694643818D15BA00082E6F0 /* SystemConfiguration.framework */,
				6694643118D14D470082E6F0 /* CitymapsEngine.bundle */,
				669463F818D14B0C0082E6F0 /* Foundation.framework */,
				669463FA18D14B0C0082E6F0 /* CoreGraphics.framework */,
				669463FC18D14B0C0082E6F0 /* UIKit.framework */,
				6694641A18D14B0C0082E6F0 /* XCTest.framework */,
			);
			name = Frameworks;
			sourceTree = "<group>";
		};
		669463FE18D14B0C0082E6F0 /* High Count */ = {
			isa = PBXGroup;
			children = (
				6694640718D14B0C0082E6F0 /* HCAppDelegate.h */,
				6694640818D14B0C0082E6F0 /* HCAppDelegate.m */,
				6694640A18D14B0C0082E6F0 /* Main_iPhone.storyboard */,
				6694640D18D14B0C0082E6F0 /* Main_iPad.storyboard */,
				6694641018D14B0C0082E6F0 /* HCViewController.h */,
				6694641118D14B0C0082E6F0 /* HCViewController.m */,
				6694643018D14BCF0082E6F0 /* GameCode */,
				6694641318D14B0C0082E6F0 /* Images.xcassets */,
				669463FF18D14B0C0082E6F0 /* Supporting Files */,
				6694643518D159630082E6F0 /* HCGameView.h */,
				6694643618D159630082E6F0 /* HCGameView.mm */,
			);
			path = "High Count";
			sourceTree = "<group>";
		};
		669463FF18D14B0C0082E6F0 /* Supporting Files */ = {
			isa = PBXGroup;
			children = (
				6694640018D14B0C0082E6F0 /* High Count-Info.plist */,
				6694640118D14B0C0082E6F0 /* InfoPlist.strings */,
				6694640418D14B0C0082E6F0 /* main.m */,
				6694640618D14B0C0082E6F0 /* High Count-Prefix.pch */,
			);
			name = "Supporting Files";
			sourceTree = "<group>";
		};
		6694642018D14B0C0082E6F0 /* High CountTests */ = {
			isa = PBXGroup;
			children = (
				6694642618D14B0C0082E6F0 /* High_CountTests.m */,
				6694642118D14B0C0082E6F0 /* Supporting Files */,
			);
			path = "High CountTests";
			sourceTree = "<group>";
		};
		6694642118D14B0C0082E6F0 /* Supporting Files */ = {
			isa = PBXGroup;
			children = (
				6694642218D14B0C0082E6F0 /* High CountTests-Info.plist */,
				6694642318D14B0C0082E6F0 /* InfoPlist.strings */,
			);
			name = "Supporting Files";
			sourceTree = "<group>";
		};
		6694643018D14BCF0082E6F0 /* GameCode */ = {
			isa = PBXGroup;
			children = (
				6688860918D64404004D672C /* Animation */,
				6688810D18D5F2F800BF1BA3 /* Config */,
				6688810E18D5F2F800BF1BA3 /* Shaders */,
				6694644218D15D3C0082E6F0 /* Controllers */,
				6694644618D15D730082E6F0 /* Object */,
				6688811718D5F99000BF1BA3 /* Render */,
				6694644D18D15DE10082E6F0 /* HC.h */,
				6694645618D163C60082E6F0 /* HCGameInstance.cpp */,
				6694645718D163C60082E6F0 /* HCGameInstance.h */,
			);
			name = GameCode;
			path = ../../../GameCode;
			sourceTree = "<group>";
		};
		6694644218D15D3C0082E6F0 /* Controllers */ = {
			isa = PBXGroup;
			children = (
				6694644318D15D3C0082E6F0 /* GameBoardController.cpp */,
				6694644418D15D3C0082E6F0 /* GameBoardController.h */,
				6688810C18D549B100BF1BA3 /* Controller.h */,
			);
			path = Controllers;
			sourceTree = "<group>";
		};
		6694644618D15D730082E6F0 /* Object */ = {
			isa = PBXGroup;
			children = (
				6694644718D15D7C0082E6F0 /* GridBoard.cpp */,
				6694644818D15D7C0082E6F0 /* GridBoard.h */,
				6694644A18D15D870082E6F0 /* GridCell.cpp */,
				6694644B18D15D870082E6F0 /* GridCell.h */,
			);
			path = Object;
			sourceTree = "<group>";
		};
/* End PBXGroup section */

/* Begin PBXNativeTarget section */
		669463F418D14B0C0082E6F0 /* High Count */ = {
			isa = PBXNativeTarget;
			buildConfigurationList = 6694642A18D14B0C0082E6F0 /* Build configuration list for PBXNativeTarget "High Count" */;
			buildPhases = (
				669463F118D14B0C0082E6F0 /* Sources */,
				669463F218D14B0C0082E6F0 /* Frameworks */,
				669463F318D14B0C0082E6F0 /* Resources */,
			);
			buildRules = (
			);
			dependencies = (
			);
			name = "High Count";
			productName = "High Count";
			productReference = 669463F518D14B0C0082E6F0 /* High Count.app */;
			productType = "com.apple.product-type.application";
		};
		6694641818D14B0C0082E6F0 /* High CountTests */ = {
			isa = PBXNativeTarget;
			buildConfigurationList = 6694642D18D14B0C0082E6F0 /* Build configuration list for PBXNativeTarget "High CountTests" */;
			buildPhases = (
				6694641518D14B0C0082E6F0 /* Sources */,
				6694641618D14B0C0082E6F0 /* Frameworks */,
				6694641718D14B0C0082E6F0 /* Resources */,
			);
			buildRules = (
			);
			dependencies = (
				6694641F18D14B0C0082E6F0 /* PBXTargetDependency */,
			);
			name = "High CountTests";
			productName = "High CountTests";
			productReference = 6694641918D14B0C0082E6F0 /* High CountTests.xctest */;
			productType = "com.apple.product-type.bundle.unit-test";
		};
/* End PBXNativeTarget section */

/* Begin PBXProject section */
		669463ED18D14B0C0082E6F0 /* Project object */ = {
			isa = PBXProject;
			attributes = {
				CLASSPREFIX = HC;
				LastUpgradeCheck = 0500;
				ORGANIZATIONNAME = Adam;
				TargetAttributes = {
					669463F418D14B0C0082E6F0 = {
						DevelopmentTeam = 6KRKGENZ97;
					};
					6694641818D14B0C0082E6F0 = {
						TestTargetID = 669463F418D14B0C0082E6F0;
					};
				};
			};
			buildConfigurationList = 669463F018D14B0C0082E6F0 /* Build configuration list for PBXProject "High Count" */;
			compatibilityVersion = "Xcode 3.2";
			developmentRegion = English;
			hasScannedForEncodings = 0;
			knownRegions = (
				en,
				Base,
			);
			mainGroup = 669463EC18D14B0C0082E6F0;
			productRefGroup = 669463F618D14B0C0082E6F0 /* Products */;
			projectDirPath = "";
			projectRoot = "";
			targets = (
				669463F418D14B0C0082E6F0 /* High Count */,
				6694641818D14B0C0082E6F0 /* High CountTests */,
			);
		};
/* End PBXProject section */

/* Begin PBXResourcesBuildPhase section */
		669463F318D14B0C0082E6F0 /* Resources */ = {
			isa = PBXResourcesBuildPhase;
			buildActionMask = 2147483647;
			files = (
				6694640F18D14B0C0082E6F0 /* Main_iPad.storyboard in Resources */,
				669CC1EF18D6052400389C9D /* round_rect_vert.glsl in Resources */,
				669CC1F018D6052500389C9D /* round_rect_frag.glsl in Resources */,
				6688811B18D5FFDD00BF1BA3 /* hc_effects.xml in Resources */,
				6688811C18D5FFDF00BF1BA3 /* hc_shaders.xml in Resources */,
				6694641418D14B0C0082E6F0 /* Images.xcassets in Resources */,
				6694640C18D14B0C0082E6F0 /* Main_iPhone.storyboard in Resources */,
				6694643318D14D470082E6F0 /* CitymapsEngine.bundle in Resources */,
				6694640318D14B0C0082E6F0 /* InfoPlist.strings in Resources */,
			);
			runOnlyForDeploymentPostprocessing = 0;
		};
		6694641718D14B0C0082E6F0 /* Resources */ = {
			isa = PBXResourcesBuildPhase;
			buildActionMask = 2147483647;
			files = (
				6694642518D14B0C0082E6F0 /* InfoPlist.strings in Resources */,
			);
			runOnlyForDeploymentPostprocessing = 0;
		};
/* End PBXResourcesBuildPhase section */

/* Begin PBXSourcesBuildPhase section */
		669463F118D14B0C0082E6F0 /* Sources */ = {
			isa = PBXSourcesBuildPhase;
			buildActionMask = 2147483647;
			files = (
				6694644518D15D3C0082E6F0 /* GameBoardController.cpp in Sources */,
				6694641218D14B0C0082E6F0 /* HCViewController.m in Sources */,
				6688860C18D64575004D672C /* LinearAnimation.cpp in Sources */,
				6688811A18D5F9D600BF1BA3 /* RoundRectRenderer.cpp in Sources */,
				6694640518D14B0C0082E6F0 /* main.m in Sources */,
				6694640918D14B0C0082E6F0 /* HCAppDelegate.m in Sources */,
				6694644918D15D7C0082E6F0 /* GridBoard.cpp in Sources */,
				6694645818D163C60082E6F0 /* HCGameInstance.cpp in Sources */,
				6694644C18D15D870082E6F0 /* GridCell.cpp in Sources */,
				6694643718D159630082E6F0 /* HCGameView.mm in Sources */,
			);
			runOnlyForDeploymentPostprocessing = 0;
		};
		6694641518D14B0C0082E6F0 /* Sources */ = {
			isa = PBXSourcesBuildPhase;
			buildActionMask = 2147483647;
			files = (
				6694642718D14B0C0082E6F0 /* High_CountTests.m in Sources */,
			);
			runOnlyForDeploymentPostprocessing = 0;
		};
/* End PBXSourcesBuildPhase section */

/* Begin PBXTargetDependency section */
		6694641F18D14B0C0082E6F0 /* PBXTargetDependency */ = {
			isa = PBXTargetDependency;
			target = 669463F418D14B0C0082E6F0 /* High Count */;
			targetProxy = 6694641E18D14B0C0082E6F0 /* PBXContainerItemProxy */;
		};
/* End PBXTargetDependency section */

/* Begin PBXVariantGroup section */
		6694640118D14B0C0082E6F0 /* InfoPlist.strings */ = {
			isa = PBXVariantGroup;
			children = (
				6694640218D14B0C0082E6F0 /* en */,
			);
			name = InfoPlist.strings;
			sourceTree = "<group>";
		};
		6694640A18D14B0C0082E6F0 /* Main_iPhone.storyboard */ = {
			isa = PBXVariantGroup;
			children = (
				6694640B18D14B0C0082E6F0 /* Base */,
			);
			name = Main_iPhone.storyboard;
			sourceTree = "<group>";
		};
		6694640D18D14B0C0082E6F0 /* Main_iPad.storyboard */ = {
			isa = PBXVariantGroup;
			children = (
				6694640E18D14B0C0082E6F0 /* Base */,
			);
			name = Main_iPad.storyboard;
			sourceTree = "<group>";
		};
		6694642318D14B0C0082E6F0 /* InfoPlist.strings */ = {
			isa = PBXVariantGroup;
			children = (
				6694642418D14B0C0082E6F0 /* en */,
			);
			name = InfoPlist.strings;
			sourceTree = "<group>";
		};
/* End PBXVariantGroup section */

/* Begin XCBuildConfiguration section */
		6694642818D14B0C0082E6F0 /* Debug */ = {
			isa = XCBuildConfiguration;
			buildSettings = {
				ALWAYS_SEARCH_USER_PATHS = NO;
				ARCHS = "$(ARCHS_STANDARD_INCLUDING_64_BIT)";
				CLANG_CXX_LANGUAGE_STANDARD = "gnu++0x";
				CLANG_CXX_LIBRARY = "libc++";
				CLANG_ENABLE_MODULES = YES;
				CLANG_ENABLE_OBJC_ARC = YES;
				CLANG_WARN_BOOL_CONVERSION = YES;
				CLANG_WARN_CONSTANT_CONVERSION = YES;
				CLANG_WARN_DIRECT_OBJC_ISA_USAGE = YES_ERROR;
				CLANG_WARN_EMPTY_BODY = YES;
				CLANG_WARN_ENUM_CONVERSION = YES;
				CLANG_WARN_INT_CONVERSION = YES;
				CLANG_WARN_OBJC_ROOT_CLASS = YES_ERROR;
				CLANG_WARN__DUPLICATE_METHOD_MATCH = YES;
				"CODE_SIGN_IDENTITY[sdk=iphoneos*]" = "iPhone Developer";
				COPY_PHASE_STRIP = NO;
				GCC_C_LANGUAGE_STANDARD = gnu99;
				GCC_DYNAMIC_NO_PIC = NO;
				GCC_OPTIMIZATION_LEVEL = 0;
				GCC_PREPROCESSOR_DEFINITIONS = (
					"DEBUG=1",
					"$(inherited)",
				);
				GCC_SYMBOLS_PRIVATE_EXTERN = NO;
				GCC_WARN_64_TO_32_BIT_CONVERSION = YES;
				GCC_WARN_ABOUT_RETURN_TYPE = YES_ERROR;
				GCC_WARN_UNDECLARED_SELECTOR = YES;
				GCC_WARN_UNINITIALIZED_AUTOS = YES;
				GCC_WARN_UNUSED_FUNCTION = YES;
				GCC_WARN_UNUSED_VARIABLE = YES;
				IPHONEOS_DEPLOYMENT_TARGET = 7.0;
				ONLY_ACTIVE_ARCH = YES;
				SDKROOT = iphoneos;
				TARGETED_DEVICE_FAMILY = "1,2";
			};
			name = Debug;
		};
		6694642918D14B0C0082E6F0 /* Release */ = {
			isa = XCBuildConfiguration;
			buildSettings = {
				ALWAYS_SEARCH_USER_PATHS = NO;
				ARCHS = "$(ARCHS_STANDARD_INCLUDING_64_BIT)";
				CLANG_CXX_LANGUAGE_STANDARD = "gnu++0x";
				CLANG_CXX_LIBRARY = "libc++";
				CLANG_ENABLE_MODULES = YES;
				CLANG_ENABLE_OBJC_ARC = YES;
				CLANG_WARN_BOOL_CONVERSION = YES;
				CLANG_WARN_CONSTANT_CONVERSION = YES;
				CLANG_WARN_DIRECT_OBJC_ISA_USAGE = YES_ERROR;
				CLANG_WARN_EMPTY_BODY = YES;
				CLANG_WARN_ENUM_CONVERSION = YES;
				CLANG_WARN_INT_CONVERSION = YES;
				CLANG_WARN_OBJC_ROOT_CLASS = YES_ERROR;
				CLANG_WARN__DUPLICATE_METHOD_MATCH = YES;
				"CODE_SIGN_IDENTITY[sdk=iphoneos*]" = "iPhone Developer";
				COPY_PHASE_STRIP = YES;
				ENABLE_NS_ASSERTIONS = NO;
				GCC_C_LANGUAGE_STANDARD = gnu99;
				GCC_WARN_64_TO_32_BIT_CONVERSION = YES;
				GCC_WARN_ABOUT_RETURN_TYPE = YES_ERROR;
				GCC_WARN_UNDECLARED_SELECTOR = YES;
				GCC_WARN_UNINITIALIZED_AUTOS = YES;
				GCC_WARN_UNUSED_FUNCTION = YES;
				GCC_WARN_UNUSED_VARIABLE = YES;
				IPHONEOS_DEPLOYMENT_TARGET = 7.0;
				SDKROOT = iphoneos;
				TARGETED_DEVICE_FAMILY = "1,2";
				VALIDATE_PRODUCT = YES;
			};
			name = Release;
		};
		6694642B18D14B0C0082E6F0 /* Debug */ = {
			isa = XCBuildConfiguration;
			buildSettings = {
				ALWAYS_SEARCH_USER_PATHS = NO;
				ASSETCATALOG_COMPILER_APPICON_NAME = AppIcon;
				ASSETCATALOG_COMPILER_LAUNCHIMAGE_NAME = LaunchImage;
				CODE_SIGN_IDENTITY = "iPhone Developer: Adam Eskreis (L367Q9DF84)";
				FRAMEWORK_SEARCH_PATHS = (
					"$(inherited)",
					"/Users/adam/Documents/SDKs/citymaps-ios-map-library/**",
					"/Users/adam/Documents/SDKs/citymaps-ios-map-library",
				);
				GCC_PRECOMPILE_PREFIX_HEADER = YES;
				GCC_PREFIX_HEADER = "High Count/High Count-Prefix.pch";
				GCC_PREPROCESSOR_DEFINITIONS = (
					"DEBUG=1",
					"$(inherited)",
					CELOGGER,
				);
				HEADER_SEARCH_PATHS = (
					"$(inherited)",
					/Applications/Xcode.app/Contents/Developer/Toolchains/XcodeDefault.xctoolchain/usr/include,
					"/Users/adam/Documents/SDKs/citymaps-ios-map-library/**/**",
					"/Users/adam/Documents/SDKs/citymaps-ios-map-library/CitymapsEngine.framework/Headers/Lib",
					"/Users/adam/Documents/SDKs/citymaps-ios-map-library/CitymapsEngine.framework/Headers/Lib/poco/Foundation/include",
					"/Users/adam/Documents/SDKs/citymaps-ios-map-library/CitymapsEngine.framework/Headers/Lib/freetype2/include",
				);
				INFOPLIST_FILE = "High Count/High Count-Info.plist";
				LIBRARY_SEARCH_PATHS = (
					"$(inherited)",
					"/Users/adam/Documents/Projects/core-ios-client/MapEngineLibrary/MapEngineLibraryIOS/build/Debug-iphoneos",
				);
				PRODUCT_NAME = "$(TARGET_NAME)";
				PROVISIONING_PROFILE = "81248AEA-EEF7-460A-AD92-C618314ED026";
				USER_HEADER_SEARCH_PATHS = "$(SRCROOT)/../../GameCode";
				WRAPPER_EXTENSION = app;
			};
			name = Debug;
		};
		6694642C18D14B0C0082E6F0 /* Release */ = {
			isa = XCBuildConfiguration;
			buildSettings = {
				ALWAYS_SEARCH_USER_PATHS = NO;
				ASSETCATALOG_COMPILER_APPICON_NAME = AppIcon;
				ASSETCATALOG_COMPILER_LAUNCHIMAGE_NAME = LaunchImage;
				CODE_SIGN_IDENTITY = "iPhone Developer";
				FRAMEWORK_SEARCH_PATHS = (
					"$(inherited)",
					"/Users/adam/Documents/SDKs/citymaps-ios-map-library/**",
					"/Users/adam/Documents/SDKs/citymaps-ios-map-library",
				);
				GCC_PRECOMPILE_PREFIX_HEADER = YES;
				GCC_PREFIX_HEADER = "High Count/High Count-Prefix.pch";
				HEADER_SEARCH_PATHS = (
					"$(inherited)",
					/Applications/Xcode.app/Contents/Developer/Toolchains/XcodeDefault.xctoolchain/usr/include,
					"/Users/adam/Documents/SDKs/citymaps-ios-map-library/**/**",
					"/Users/adam/Documents/SDKs/citymaps-ios-map-library/CitymapsEngine.framework/Headers/Lib",
					"/Users/adam/Documents/SDKs/citymaps-ios-map-library/CitymapsEngine.framework/Headers/Lib/poco/Foundation/include",
					"/Users/adam/Documents/SDKs/citymaps-ios-map-library/CitymapsEngine.framework/Headers/Lib/freetype2/include",
				);
				INFOPLIST_FILE = "High Count/High Count-Info.plist";
				LIBRARY_SEARCH_PATHS = (
					"$(inherited)",
					"/Users/adam/Documents/Projects/core-ios-client/MapEngineLibrary/MapEngineLibraryIOS/build/Debug-iphoneos",
				);
				PRODUCT_NAME = "$(TARGET_NAME)";
				PROVISIONING_PROFILE = "81248AEA-EEF7-460A-AD92-C618314ED026";
				USER_HEADER_SEARCH_PATHS = "$(SRCROOT)/../../GameCode";
				WRAPPER_EXTENSION = app;
			};
			name = Release;
		};
		6694642E18D14B0C0082E6F0 /* Debug */ = {
			isa = XCBuildConfiguration;
			buildSettings = {
				ARCHS = "$(ARCHS_STANDARD_INCLUDING_64_BIT)";
				BUNDLE_LOADER = "$(BUILT_PRODUCTS_DIR)/High Count.app/High Count";
				FRAMEWORK_SEARCH_PATHS = (
					"$(SDKROOT)/Developer/Library/Frameworks",
					"$(inherited)",
					"$(DEVELOPER_FRAMEWORKS_DIR)",
				);
				GCC_PRECOMPILE_PREFIX_HEADER = YES;
				GCC_PREFIX_HEADER = "High Count/High Count-Prefix.pch";
				GCC_PREPROCESSOR_DEFINITIONS = (
					"DEBUG=1",
					"$(inherited)",
				);
				INFOPLIST_FILE = "High CountTests/High CountTests-Info.plist";
				PRODUCT_NAME = "$(TARGET_NAME)";
				TEST_HOST = "$(BUNDLE_LOADER)";
				WRAPPER_EXTENSION = xctest;
			};
			name = Debug;
		};
		6694642F18D14B0C0082E6F0 /* Release */ = {
			isa = XCBuildConfiguration;
			buildSettings = {
				ARCHS = "$(ARCHS_STANDARD_INCLUDING_64_BIT)";
				BUNDLE_LOADER = "$(BUILT_PRODUCTS_DIR)/High Count.app/High Count";
				FRAMEWORK_SEARCH_PATHS = (
					"$(SDKROOT)/Developer/Library/Frameworks",
					"$(inherited)",
					"$(DEVELOPER_FRAMEWORKS_DIR)",
				);
				GCC_PRECOMPILE_PREFIX_HEADER = YES;
				GCC_PREFIX_HEADER = "High Count/High Count-Prefix.pch";
				INFOPLIST_FILE = "High CountTests/High CountTests-Info.plist";
				PRODUCT_NAME = "$(TARGET_NAME)";
				TEST_HOST = "$(BUNDLE_LOADER)";
				WRAPPER_EXTENSION = xctest;
			};
			name = Release;
		};
/* End XCBuildConfiguration section */

/* Begin XCConfigurationList section */
		669463F018D14B0C0082E6F0 /* Build configuration list for PBXProject "High Count" */ = {
			isa = XCConfigurationList;
			buildConfigurations = (
				6694642818D14B0C0082E6F0 /* Debug */,
				6694642918D14B0C0082E6F0 /* Release */,
			);
			defaultConfigurationIsVisible = 0;
			defaultConfigurationName = Release;
		};
		6694642A18D14B0C0082E6F0 /* Build configuration list for PBXNativeTarget "High Count" */ = {
			isa = XCConfigurationList;
			buildConfigurations = (
				6694642B18D14B0C0082E6F0 /* Debug */,
				6694642C18D14B0C0082E6F0 /* Release */,
			);
			defaultConfigurationIsVisible = 0;
			defaultConfigurationName = Release;
		};
		6694642D18D14B0C0082E6F0 /* Build configuration list for PBXNativeTarget "High CountTests" */ = {
			isa = XCConfigurationList;
			buildConfigurations = (
				6694642E18D14B0C0082E6F0 /* Debug */,
				6694642F18D14B0C0082E6F0 /* Release */,
			);
			defaultConfigurationIsVisible = 0;
			defaultConfigurationName = Release;
		};
/* End XCConfigurationList section */
	};
	rootObject = 669463ED18D14B0C0082E6F0 /* Project object */;
}
